// !$*UTF8*$!
{
	archiveVersion = 1;
	classes = {
	};
	objectVersion = 56;
	objects = {

/* Begin PBXBuildFile section */
		049F0D2C29EFEB6C00D680D5 /* CoreDataStackManager.swift in Sources */ = {isa = PBXBuildFile; fileRef = 049F0D2B29EFEB6C00D680D5 /* CoreDataStackManager.swift */; };
		049F0D2F29EFEBCA00D680D5 /* Planets.xcdatamodeld in Sources */ = {isa = PBXBuildFile; fileRef = 049F0D2D29EFEBCA00D680D5 /* Planets.xcdatamodeld */; };
		049F0D3129EFEC0B00D680D5 /* PlanetEntity+Extension.swift in Sources */ = {isa = PBXBuildFile; fileRef = 049F0D3029EFEC0B00D680D5 /* PlanetEntity+Extension.swift */; };
		049F0D3329EFED5A00D680D5 /* PlanetEntityMapper.swift in Sources */ = {isa = PBXBuildFile; fileRef = 049F0D3229EFED5A00D680D5 /* PlanetEntityMapper.swift */; };
		049F0D3529EFEE6C00D680D5 /* OfflineStorageManager.swift in Sources */ = {isa = PBXBuildFile; fileRef = 049F0D3429EFEE6C00D680D5 /* OfflineStorageManager.swift */; };
		04D68B5A29EFDE960047CE22 /* PlanetsService.swift in Sources */ = {isa = PBXBuildFile; fileRef = 04D68B5929EFDE960047CE22 /* PlanetsService.swift */; };
		04D68B5C29EFDEB00047CE22 /* PlanetsViewModel.swift in Sources */ = {isa = PBXBuildFile; fileRef = 04D68B5B29EFDEB00047CE22 /* PlanetsViewModel.swift */; };
		04D68B5F29EFE1300047CE22 /* Constants.swift in Sources */ = {isa = PBXBuildFile; fileRef = 04D68B5E29EFE1300047CE22 /* Constants.swift */; };
		E5B988A229F01DA9001394C8 /* readme.md in Resources */ = {isa = PBXBuildFile; fileRef = E5B988A129F01DA9001394C8 /* readme.md */; };
		E5B988A429F0477C001394C8 /* PlanetsViewModelTests.swift in Sources */ = {isa = PBXBuildFile; fileRef = E5B988A329F0477C001394C8 /* PlanetsViewModelTests.swift */; };
		E5B988A629F05073001394C8 /* OfflineStorageManagerTests.swift in Sources */ = {isa = PBXBuildFile; fileRef = E5B988A529F05073001394C8 /* OfflineStorageManagerTests.swift */; };
		E5B988A729F052F3001394C8 /* Planets.xcdatamodeld in Sources */ = {isa = PBXBuildFile; fileRef = 049F0D2D29EFEBCA00D680D5 /* Planets.xcdatamodeld */; };
		E5EC648E29EECB110047193D /* AppDelegate.swift in Sources */ = {isa = PBXBuildFile; fileRef = E5EC648D29EECB110047193D /* AppDelegate.swift */; };
		E5EC649029EECB110047193D /* SceneDelegate.swift in Sources */ = {isa = PBXBuildFile; fileRef = E5EC648F29EECB110047193D /* SceneDelegate.swift */; };
		E5EC649529EECB110047193D /* Main.storyboard in Resources */ = {isa = PBXBuildFile; fileRef = E5EC649329EECB110047193D /* Main.storyboard */; };
		E5EC649729EECB140047193D /* Assets.xcassets in Resources */ = {isa = PBXBuildFile; fileRef = E5EC649629EECB140047193D /* Assets.xcassets */; };
		E5EC649A29EECB140047193D /* LaunchScreen.storyboard in Resources */ = {isa = PBXBuildFile; fileRef = E5EC649829EECB140047193D /* LaunchScreen.storyboard */; };
		E5EC64A529EECB150047193D /* PlanetsTests.swift in Sources */ = {isa = PBXBuildFile; fileRef = E5EC64A429EECB150047193D /* PlanetsTests.swift */; };
		E5EC64AF29EECB150047193D /* PlanetsUITests.swift in Sources */ = {isa = PBXBuildFile; fileRef = E5EC64AE29EECB150047193D /* PlanetsUITests.swift */; };
		E5EC64B129EECB150047193D /* PlanetsUITestsLaunchTests.swift in Sources */ = {isa = PBXBuildFile; fileRef = E5EC64B029EECB150047193D /* PlanetsUITestsLaunchTests.swift */; };
		E5EC64BF29EECB840047193D /* Planet.swift in Sources */ = {isa = PBXBuildFile; fileRef = E5EC64BE29EECB840047193D /* Planet.swift */; };
		E5EC64C129EECBC00047193D /* PlanetsResponse.swift in Sources */ = {isa = PBXBuildFile; fileRef = E5EC64C029EECBC00047193D /* PlanetsResponse.swift */; };
		E5EC64C429EECC0B0047193D /* NetworkManager.swift in Sources */ = {isa = PBXBuildFile; fileRef = E5EC64C329EECC0B0047193D /* NetworkManager.swift */; };
		E5EC64C729EED1450047193D /* PlanetsViewController.swift in Sources */ = {isa = PBXBuildFile; fileRef = E5EC64C629EED1450047193D /* PlanetsViewController.swift */; };
		E5EC64C929EEED9A0047193D /* planets_mock.json in Resources */ = {isa = PBXBuildFile; fileRef = E5EC64C829EEED9A0047193D /* planets_mock.json */; };
		E5EC64CB29EEEF220047193D /* NetworkManagerTests.swift in Sources */ = {isa = PBXBuildFile; fileRef = E5EC64CA29EEEF220047193D /* NetworkManagerTests.swift */; };
		E5EC64CD29EEF06E0047193D /* MockURLProtocol.swift in Sources */ = {isa = PBXBuildFile; fileRef = E5EC64CC29EEF06E0047193D /* MockURLProtocol.swift */; };
/* End PBXBuildFile section */

/* Begin PBXContainerItemProxy section */
		E5EC64A129EECB150047193D /* PBXContainerItemProxy */ = {
			isa = PBXContainerItemProxy;
			containerPortal = E5EC648229EECB110047193D /* Project object */;
			proxyType = 1;
			remoteGlobalIDString = E5EC648929EECB110047193D;
			remoteInfo = Planets;
		};
		E5EC64AB29EECB150047193D /* PBXContainerItemProxy */ = {
			isa = PBXContainerItemProxy;
			containerPortal = E5EC648229EECB110047193D /* Project object */;
			proxyType = 1;
			remoteGlobalIDString = E5EC648929EECB110047193D;
			remoteInfo = Planets;
		};
/* End PBXContainerItemProxy section */

/* Begin PBXFileReference section */
		049F0D2B29EFEB6C00D680D5 /* CoreDataStackManager.swift */ = {isa = PBXFileReference; lastKnownFileType = sourcecode.swift; path = CoreDataStackManager.swift; sourceTree = "<group>"; };
		049F0D2E29EFEBCA00D680D5 /* Planets.xcdatamodel */ = {isa = PBXFileReference; lastKnownFileType = wrapper.xcdatamodel; path = Planets.xcdatamodel; sourceTree = "<group>"; };
		049F0D3029EFEC0B00D680D5 /* PlanetEntity+Extension.swift */ = {isa = PBXFileReference; lastKnownFileType = sourcecode.swift; path = "PlanetEntity+Extension.swift"; sourceTree = "<group>"; };
		049F0D3229EFED5A00D680D5 /* PlanetEntityMapper.swift */ = {isa = PBXFileReference; lastKnownFileType = sourcecode.swift; path = PlanetEntityMapper.swift; sourceTree = "<group>"; };
		049F0D3429EFEE6C00D680D5 /* OfflineStorageManager.swift */ = {isa = PBXFileReference; lastKnownFileType = sourcecode.swift; path = OfflineStorageManager.swift; sourceTree = "<group>"; };
		04D68B5929EFDE960047CE22 /* PlanetsService.swift */ = {isa = PBXFileReference; lastKnownFileType = sourcecode.swift; path = PlanetsService.swift; sourceTree = "<group>"; };
		04D68B5B29EFDEB00047CE22 /* PlanetsViewModel.swift */ = {isa = PBXFileReference; lastKnownFileType = sourcecode.swift; path = PlanetsViewModel.swift; sourceTree = "<group>"; };
		04D68B5E29EFE1300047CE22 /* Constants.swift */ = {isa = PBXFileReference; lastKnownFileType = sourcecode.swift; path = Constants.swift; sourceTree = "<group>"; };
		E5B988A129F01DA9001394C8 /* readme.md */ = {isa = PBXFileReference; lastKnownFileType = net.daringfireball.markdown; path = readme.md; sourceTree = "<group>"; };
		E5B988A329F0477C001394C8 /* PlanetsViewModelTests.swift */ = {isa = PBXFileReference; lastKnownFileType = sourcecode.swift; path = PlanetsViewModelTests.swift; sourceTree = "<group>"; };
		E5B988A529F05073001394C8 /* OfflineStorageManagerTests.swift */ = {isa = PBXFileReference; lastKnownFileType = sourcecode.swift; path = OfflineStorageManagerTests.swift; sourceTree = "<group>"; };
		E5EC648A29EECB110047193D /* Planets.app */ = {isa = PBXFileReference; explicitFileType = wrapper.application; includeInIndex = 0; path = Planets.app; sourceTree = BUILT_PRODUCTS_DIR; };
		E5EC648D29EECB110047193D /* AppDelegate.swift */ = {isa = PBXFileReference; lastKnownFileType = sourcecode.swift; path = AppDelegate.swift; sourceTree = "<group>"; };
		E5EC648F29EECB110047193D /* SceneDelegate.swift */ = {isa = PBXFileReference; lastKnownFileType = sourcecode.swift; path = SceneDelegate.swift; sourceTree = "<group>"; };
		E5EC649429EECB110047193D /* Base */ = {isa = PBXFileReference; lastKnownFileType = file.storyboard; name = Base; path = Base.lproj/Main.storyboard; sourceTree = "<group>"; };
		E5EC649629EECB140047193D /* Assets.xcassets */ = {isa = PBXFileReference; lastKnownFileType = folder.assetcatalog; path = Assets.xcassets; sourceTree = "<group>"; };
		E5EC649929EECB140047193D /* Base */ = {isa = PBXFileReference; lastKnownFileType = file.storyboard; name = Base; path = Base.lproj/LaunchScreen.storyboard; sourceTree = "<group>"; };
		E5EC649B29EECB140047193D /* Info.plist */ = {isa = PBXFileReference; lastKnownFileType = text.plist.xml; path = Info.plist; sourceTree = "<group>"; };
		E5EC64A029EECB150047193D /* PlanetsTests.xctest */ = {isa = PBXFileReference; explicitFileType = wrapper.cfbundle; includeInIndex = 0; path = PlanetsTests.xctest; sourceTree = BUILT_PRODUCTS_DIR; };
		E5EC64A429EECB150047193D /* PlanetsTests.swift */ = {isa = PBXFileReference; lastKnownFileType = sourcecode.swift; path = PlanetsTests.swift; sourceTree = "<group>"; };
		E5EC64AA29EECB150047193D /* PlanetsUITests.xctest */ = {isa = PBXFileReference; explicitFileType = wrapper.cfbundle; includeInIndex = 0; path = PlanetsUITests.xctest; sourceTree = BUILT_PRODUCTS_DIR; };
		E5EC64AE29EECB150047193D /* PlanetsUITests.swift */ = {isa = PBXFileReference; lastKnownFileType = sourcecode.swift; path = PlanetsUITests.swift; sourceTree = "<group>"; };
		E5EC64B029EECB150047193D /* PlanetsUITestsLaunchTests.swift */ = {isa = PBXFileReference; lastKnownFileType = sourcecode.swift; path = PlanetsUITestsLaunchTests.swift; sourceTree = "<group>"; };
		E5EC64BE29EECB840047193D /* Planet.swift */ = {isa = PBXFileReference; lastKnownFileType = sourcecode.swift; path = Planet.swift; sourceTree = "<group>"; };
		E5EC64C029EECBC00047193D /* PlanetsResponse.swift */ = {isa = PBXFileReference; lastKnownFileType = sourcecode.swift; path = PlanetsResponse.swift; sourceTree = "<group>"; };
		E5EC64C329EECC0B0047193D /* NetworkManager.swift */ = {isa = PBXFileReference; lastKnownFileType = sourcecode.swift; path = NetworkManager.swift; sourceTree = "<group>"; };
		E5EC64C629EED1450047193D /* PlanetsViewController.swift */ = {isa = PBXFileReference; lastKnownFileType = sourcecode.swift; path = PlanetsViewController.swift; sourceTree = "<group>"; };
		E5EC64C829EEED9A0047193D /* planets_mock.json */ = {isa = PBXFileReference; lastKnownFileType = text.json; path = planets_mock.json; sourceTree = "<group>"; };
		E5EC64CA29EEEF220047193D /* NetworkManagerTests.swift */ = {isa = PBXFileReference; lastKnownFileType = sourcecode.swift; path = NetworkManagerTests.swift; sourceTree = "<group>"; };
		E5EC64CC29EEF06E0047193D /* MockURLProtocol.swift */ = {isa = PBXFileReference; lastKnownFileType = sourcecode.swift; path = MockURLProtocol.swift; sourceTree = "<group>"; };
/* End PBXFileReference section */

/* Begin PBXFrameworksBuildPhase section */
		E5EC648729EECB110047193D /* Frameworks */ = {
			isa = PBXFrameworksBuildPhase;
			buildActionMask = 2147483647;
			files = (
			);
			runOnlyForDeploymentPostprocessing = 0;
		};
		E5EC649D29EECB150047193D /* Frameworks */ = {
			isa = PBXFrameworksBuildPhase;
			buildActionMask = 2147483647;
			files = (
			);
			runOnlyForDeploymentPostprocessing = 0;
		};
		E5EC64A729EECB150047193D /* Frameworks */ = {
			isa = PBXFrameworksBuildPhase;
			buildActionMask = 2147483647;
			files = (
			);
			runOnlyForDeploymentPostprocessing = 0;
		};
/* End PBXFrameworksBuildPhase section */

/* Begin PBXGroup section */
		049F0D2A29EFEB5800D680D5 /* OfflineStorage */ = {
			isa = PBXGroup;
			children = (
				049F0D2B29EFEB6C00D680D5 /* CoreDataStackManager.swift */,
				049F0D2D29EFEBCA00D680D5 /* Planets.xcdatamodeld */,
				049F0D3029EFEC0B00D680D5 /* PlanetEntity+Extension.swift */,
				049F0D3229EFED5A00D680D5 /* PlanetEntityMapper.swift */,
				049F0D3429EFEE6C00D680D5 /* OfflineStorageManager.swift */,
			);
			path = OfflineStorage;
			sourceTree = "<group>";
		};
		04D68B5D29EFE11F0047CE22 /* Utility */ = {
			isa = PBXGroup;
			children = (
				04D68B5E29EFE1300047CE22 /* Constants.swift */,
			);
			path = Utility;
			sourceTree = "<group>";
		};
		E5EC648129EECB110047193D = {
			isa = PBXGroup;
			children = (
				E5EC648C29EECB110047193D /* Planets */,
				E5EC64A329EECB150047193D /* PlanetsTests */,
				E5EC64AD29EECB150047193D /* PlanetsUITests */,
				E5EC648B29EECB110047193D /* Products */,
			);
			sourceTree = "<group>";
		};
		E5EC648B29EECB110047193D /* Products */ = {
			isa = PBXGroup;
			children = (
				E5EC648A29EECB110047193D /* Planets.app */,
				E5EC64A029EECB150047193D /* PlanetsTests.xctest */,
				E5EC64AA29EECB150047193D /* PlanetsUITests.xctest */,
			);
			name = Products;
			sourceTree = "<group>";
		};
		E5EC648C29EECB110047193D /* Planets */ = {
			isa = PBXGroup;
			children = (
				049F0D2A29EFEB5800D680D5 /* OfflineStorage */,
				04D68B5D29EFE11F0047CE22 /* Utility */,
				E5EC64C229EECBF80047193D /* Network */,
				E5EC64C529EED12A0047193D /* Planets */,
				E5EC648D29EECB110047193D /* AppDelegate.swift */,
				E5EC648F29EECB110047193D /* SceneDelegate.swift */,
				E5EC649329EECB110047193D /* Main.storyboard */,
				E5EC649629EECB140047193D /* Assets.xcassets */,
				E5EC649829EECB140047193D /* LaunchScreen.storyboard */,
				E5EC649B29EECB140047193D /* Info.plist */,
				E5B988A129F01DA9001394C8 /* readme.md */,
			);
			path = Planets;
			sourceTree = "<group>";
		};
		E5EC64A329EECB150047193D /* PlanetsTests */ = {
			isa = PBXGroup;
			children = (
				E5EC64C829EEED9A0047193D /* planets_mock.json */,
				E5EC64A429EECB150047193D /* PlanetsTests.swift */,
				E5EC64CA29EEEF220047193D /* NetworkManagerTests.swift */,
				E5EC64CC29EEF06E0047193D /* MockURLProtocol.swift */,
				E5B988A329F0477C001394C8 /* PlanetsViewModelTests.swift */,
				E5B988A529F05073001394C8 /* OfflineStorageManagerTests.swift */,
			);
			path = PlanetsTests;
			sourceTree = "<group>";
		};
		E5EC64AD29EECB150047193D /* PlanetsUITests */ = {
			isa = PBXGroup;
			children = (
				E5EC64AE29EECB150047193D /* PlanetsUITests.swift */,
				E5EC64B029EECB150047193D /* PlanetsUITestsLaunchTests.swift */,
			);
			path = PlanetsUITests;
			sourceTree = "<group>";
		};
		E5EC64C229EECBF80047193D /* Network */ = {
			isa = PBXGroup;
			children = (
				E5EC64C329EECC0B0047193D /* NetworkManager.swift */,
			);
			path = Network;
			sourceTree = "<group>";
		};
		E5EC64C529EED12A0047193D /* Planets */ = {
			isa = PBXGroup;
			children = (
				E5EC64BE29EECB840047193D /* Planet.swift */,
				E5EC64C029EECBC00047193D /* PlanetsResponse.swift */,
				E5EC64C629EED1450047193D /* PlanetsViewController.swift */,
				04D68B5929EFDE960047CE22 /* PlanetsService.swift */,
				04D68B5B29EFDEB00047CE22 /* PlanetsViewModel.swift */,
			);
			path = Planets;
			sourceTree = "<group>";
		};
/* End PBXGroup section */

/* Begin PBXNativeTarget section */
		E5EC648929EECB110047193D /* Planets */ = {
			isa = PBXNativeTarget;
			buildConfigurationList = E5EC64B429EECB150047193D /* Build configuration list for PBXNativeTarget "Planets" */;
			buildPhases = (
				E5EC648629EECB110047193D /* Sources */,
				E5EC648729EECB110047193D /* Frameworks */,
				E5EC648829EECB110047193D /* Resources */,
			);
			buildRules = (
			);
			dependencies = (
			);
			name = Planets;
			productName = Planets;
			productReference = E5EC648A29EECB110047193D /* Planets.app */;
			productType = "com.apple.product-type.application";
		};
		E5EC649F29EECB150047193D /* PlanetsTests */ = {
			isa = PBXNativeTarget;
			buildConfigurationList = E5EC64B729EECB150047193D /* Build configuration list for PBXNativeTarget "PlanetsTests" */;
			buildPhases = (
				E5EC649C29EECB150047193D /* Sources */,
				E5EC649D29EECB150047193D /* Frameworks */,
				E5EC649E29EECB150047193D /* Resources */,
			);
			buildRules = (
			);
			dependencies = (
				E5EC64A229EECB150047193D /* PBXTargetDependency */,
			);
			name = PlanetsTests;
			productName = PlanetsTests;
			productReference = E5EC64A029EECB150047193D /* PlanetsTests.xctest */;
			productType = "com.apple.product-type.bundle.unit-test";
		};
		E5EC64A929EECB150047193D /* PlanetsUITests */ = {
			isa = PBXNativeTarget;
			buildConfigurationList = E5EC64BA29EECB150047193D /* Build configuration list for PBXNativeTarget "PlanetsUITests" */;
			buildPhases = (
				E5EC64A629EECB150047193D /* Sources */,
				E5EC64A729EECB150047193D /* Frameworks */,
				E5EC64A829EECB150047193D /* Resources */,
			);
			buildRules = (
			);
			dependencies = (
				E5EC64AC29EECB150047193D /* PBXTargetDependency */,
			);
			name = PlanetsUITests;
			productName = PlanetsUITests;
			productReference = E5EC64AA29EECB150047193D /* PlanetsUITests.xctest */;
			productType = "com.apple.product-type.bundle.ui-testing";
		};
/* End PBXNativeTarget section */

/* Begin PBXProject section */
		E5EC648229EECB110047193D /* Project object */ = {
			isa = PBXProject;
			attributes = {
				BuildIndependentTargetsInParallel = 1;
				LastSwiftUpdateCheck = 1420;
				LastUpgradeCheck = 1420;
				TargetAttributes = {
					E5EC648929EECB110047193D = {
						CreatedOnToolsVersion = 14.2;
					};
					E5EC649F29EECB150047193D = {
						CreatedOnToolsVersion = 14.2;
						TestTargetID = E5EC648929EECB110047193D;
					};
					E5EC64A929EECB150047193D = {
						CreatedOnToolsVersion = 14.2;
						TestTargetID = E5EC648929EECB110047193D;
					};
				};
			};
			buildConfigurationList = E5EC648529EECB110047193D /* Build configuration list for PBXProject "Planets" */;
			compatibilityVersion = "Xcode 14.0";
			developmentRegion = en;
			hasScannedForEncodings = 0;
			knownRegions = (
				en,
				Base,
			);
			mainGroup = E5EC648129EECB110047193D;
			productRefGroup = E5EC648B29EECB110047193D /* Products */;
			projectDirPath = "";
			projectRoot = "";
			targets = (
				E5EC648929EECB110047193D /* Planets */,
				E5EC649F29EECB150047193D /* PlanetsTests */,
				E5EC64A929EECB150047193D /* PlanetsUITests */,
			);
		};
/* End PBXProject section */

/* Begin PBXResourcesBuildPhase section */
		E5EC648829EECB110047193D /* Resources */ = {
			isa = PBXResourcesBuildPhase;
			buildActionMask = 2147483647;
			files = (
				E5EC649A29EECB140047193D /* LaunchScreen.storyboard in Resources */,
				E5EC649729EECB140047193D /* Assets.xcassets in Resources */,
				E5B988A229F01DA9001394C8 /* readme.md in Resources */,
				E5EC649529EECB110047193D /* Main.storyboard in Resources */,
			);
			runOnlyForDeploymentPostprocessing = 0;
		};
		E5EC649E29EECB150047193D /* Resources */ = {
			isa = PBXResourcesBuildPhase;
			buildActionMask = 2147483647;
			files = (
				E5EC64C929EEED9A0047193D /* planets_mock.json in Resources */,
			);
			runOnlyForDeploymentPostprocessing = 0;
		};
		E5EC64A829EECB150047193D /* Resources */ = {
			isa = PBXResourcesBuildPhase;
			buildActionMask = 2147483647;
			files = (
			);
			runOnlyForDeploymentPostprocessing = 0;
		};
/* End PBXResourcesBuildPhase section */

/* Begin PBXSourcesBuildPhase section */
		E5EC648629EECB110047193D /* Sources */ = {
			isa = PBXSourcesBuildPhase;
			buildActionMask = 2147483647;
			files = (
				E5EC64C429EECC0B0047193D /* NetworkManager.swift in Sources */,
				049F0D3129EFEC0B00D680D5 /* PlanetEntity+Extension.swift in Sources */,
				E5EC64C729EED1450047193D /* PlanetsViewController.swift in Sources */,
				E5EC648E29EECB110047193D /* AppDelegate.swift in Sources */,
				E5EC649029EECB110047193D /* SceneDelegate.swift in Sources */,
				04D68B5C29EFDEB00047CE22 /* PlanetsViewModel.swift in Sources */,
				049F0D2F29EFEBCA00D680D5 /* Planets.xcdatamodeld in Sources */,
				04D68B5A29EFDE960047CE22 /* PlanetsService.swift in Sources */,
				E5EC64C129EECBC00047193D /* PlanetsResponse.swift in Sources */,
				E5EC64BF29EECB840047193D /* Planet.swift in Sources */,
				049F0D2C29EFEB6C00D680D5 /* CoreDataStackManager.swift in Sources */,
				04D68B5F29EFE1300047CE22 /* Constants.swift in Sources */,
				049F0D3329EFED5A00D680D5 /* PlanetEntityMapper.swift in Sources */,
				049F0D3529EFEE6C00D680D5 /* OfflineStorageManager.swift in Sources */,
			);
			runOnlyForDeploymentPostprocessing = 0;
		};
		E5EC649C29EECB150047193D /* Sources */ = {
			isa = PBXSourcesBuildPhase;
			buildActionMask = 2147483647;
			files = (
				E5B988A429F0477C001394C8 /* PlanetsViewModelTests.swift in Sources */,
				E5EC64CD29EEF06E0047193D /* MockURLProtocol.swift in Sources */,
				E5B988A629F05073001394C8 /* OfflineStorageManagerTests.swift in Sources */,
				E5B988A729F052F3001394C8 /* Planets.xcdatamodeld in Sources */,
				E5EC64CB29EEEF220047193D /* NetworkManagerTests.swift in Sources */,
				E5EC64A529EECB150047193D /* PlanetsTests.swift in Sources */,
			);
			runOnlyForDeploymentPostprocessing = 0;
		};
		E5EC64A629EECB150047193D /* Sources */ = {
			isa = PBXSourcesBuildPhase;
			buildActionMask = 2147483647;
			files = (
				E5EC64B129EECB150047193D /* PlanetsUITestsLaunchTests.swift in Sources */,
				E5EC64AF29EECB150047193D /* PlanetsUITests.swift in Sources */,
			);
			runOnlyForDeploymentPostprocessing = 0;
		};
/* End PBXSourcesBuildPhase section */

/* Begin PBXTargetDependency section */
		E5EC64A229EECB150047193D /* PBXTargetDependency */ = {
			isa = PBXTargetDependency;
			target = E5EC648929EECB110047193D /* Planets */;
			targetProxy = E5EC64A129EECB150047193D /* PBXContainerItemProxy */;
		};
		E5EC64AC29EECB150047193D /* PBXTargetDependency */ = {
			isa = PBXTargetDependency;
			target = E5EC648929EECB110047193D /* Planets */;
			targetProxy = E5EC64AB29EECB150047193D /* PBXContainerItemProxy */;
		};
/* End PBXTargetDependency section */

/* Begin PBXVariantGroup section */
		E5EC649329EECB110047193D /* Main.storyboard */ = {
			isa = PBXVariantGroup;
			children = (
				E5EC649429EECB110047193D /* Base */,
			);
			name = Main.storyboard;
			sourceTree = "<group>";
		};
		E5EC649829EECB140047193D /* LaunchScreen.storyboard */ = {
			isa = PBXVariantGroup;
			children = (
				E5EC649929EECB140047193D /* Base */,
			);
			name = LaunchScreen.storyboard;
			sourceTree = "<group>";
		};
/* End PBXVariantGroup section */

/* Begin XCBuildConfiguration section */
		E5EC64B229EECB150047193D /* Debug */ = {
			isa = XCBuildConfiguration;
			buildSettings = {
				ALWAYS_SEARCH_USER_PATHS = NO;
				CLANG_ANALYZER_NONNULL = YES;
				CLANG_ANALYZER_NUMBER_OBJECT_CONVERSION = YES_AGGRESSIVE;
				CLANG_CXX_LANGUAGE_STANDARD = "gnu++20";
				CLANG_ENABLE_MODULES = YES;
				CLANG_ENABLE_OBJC_ARC = YES;
				CLANG_ENABLE_OBJC_WEAK = YES;
				CLANG_WARN_BLOCK_CAPTURE_AUTORELEASING = YES;
				CLANG_WARN_BOOL_CONVERSION = YES;
				CLANG_WARN_COMMA = YES;
				CLANG_WARN_CONSTANT_CONVERSION = YES;
				CLANG_WARN_DEPRECATED_OBJC_IMPLEMENTATIONS = YES;
				CLANG_WARN_DIRECT_OBJC_ISA_USAGE = YES_ERROR;
				CLANG_WARN_DOCUMENTATION_COMMENTS = YES;
				CLANG_WARN_EMPTY_BODY = YES;
				CLANG_WARN_ENUM_CONVERSION = YES;
				CLANG_WARN_INFINITE_RECURSION = YES;
				CLANG_WARN_INT_CONVERSION = YES;
				CLANG_WARN_NON_LITERAL_NULL_CONVERSION = YES;
				CLANG_WARN_OBJC_IMPLICIT_RETAIN_SELF = YES;
				CLANG_WARN_OBJC_LITERAL_CONVERSION = YES;
				CLANG_WARN_OBJC_ROOT_CLASS = YES_ERROR;
				CLANG_WARN_QUOTED_INCLUDE_IN_FRAMEWORK_HEADER = YES;
				CLANG_WARN_RANGE_LOOP_ANALYSIS = YES;
				CLANG_WARN_STRICT_PROTOTYPES = YES;
				CLANG_WARN_SUSPICIOUS_MOVE = YES;
				CLANG_WARN_UNGUARDED_AVAILABILITY = YES_AGGRESSIVE;
				CLANG_WARN_UNREACHABLE_CODE = YES;
				CLANG_WARN__DUPLICATE_METHOD_MATCH = YES;
				COPY_PHASE_STRIP = NO;
				DEBUG_INFORMATION_FORMAT = dwarf;
				ENABLE_STRICT_OBJC_MSGSEND = YES;
				ENABLE_TESTABILITY = YES;
				GCC_C_LANGUAGE_STANDARD = gnu11;
				GCC_DYNAMIC_NO_PIC = NO;
				GCC_NO_COMMON_BLOCKS = YES;
				GCC_OPTIMIZATION_LEVEL = 0;
				GCC_PREPROCESSOR_DEFINITIONS = (
					"DEBUG=1",
					"$(inherited)",
				);
				GCC_WARN_64_TO_32_BIT_CONVERSION = YES;
				GCC_WARN_ABOUT_RETURN_TYPE = YES_ERROR;
				GCC_WARN_UNDECLARED_SELECTOR = YES;
				GCC_WARN_UNINITIALIZED_AUTOS = YES_AGGRESSIVE;
				GCC_WARN_UNUSED_FUNCTION = YES;
				GCC_WARN_UNUSED_VARIABLE = YES;
				IPHONEOS_DEPLOYMENT_TARGET = 15.0;
				MTL_ENABLE_DEBUG_INFO = INCLUDE_SOURCE;
				MTL_FAST_MATH = YES;
				ONLY_ACTIVE_ARCH = YES;
				SDKROOT = iphoneos;
				SWIFT_ACTIVE_COMPILATION_CONDITIONS = DEBUG;
				SWIFT_OPTIMIZATION_LEVEL = "-Onone";
			};
			name = Debug;
		};
		E5EC64B329EECB150047193D /* Release */ = {
			isa = XCBuildConfiguration;
			buildSettings = {
				ALWAYS_SEARCH_USER_PATHS = NO;
				CLANG_ANALYZER_NONNULL = YES;
				CLANG_ANALYZER_NUMBER_OBJECT_CONVERSION = YES_AGGRESSIVE;
				CLANG_CXX_LANGUAGE_STANDARD = "gnu++20";
				CLANG_ENABLE_MODULES = YES;
				CLANG_ENABLE_OBJC_ARC = YES;
				CLANG_ENABLE_OBJC_WEAK = YES;
				CLANG_WARN_BLOCK_CAPTURE_AUTORELEASING = YES;
				CLANG_WARN_BOOL_CONVERSION = YES;
				CLANG_WARN_COMMA = YES;
				CLANG_WARN_CONSTANT_CONVERSION = YES;
				CLANG_WARN_DEPRECATED_OBJC_IMPLEMENTATIONS = YES;
				CLANG_WARN_DIRECT_OBJC_ISA_USAGE = YES_ERROR;
				CLANG_WARN_DOCUMENTATION_COMMENTS = YES;
				CLANG_WARN_EMPTY_BODY = YES;
				CLANG_WARN_ENUM_CONVERSION = YES;
				CLANG_WARN_INFINITE_RECURSION = YES;
				CLANG_WARN_INT_CONVERSION = YES;
				CLANG_WARN_NON_LITERAL_NULL_CONVERSION = YES;
				CLANG_WARN_OBJC_IMPLICIT_RETAIN_SELF = YES;
				CLANG_WARN_OBJC_LITERAL_CONVERSION = YES;
				CLANG_WARN_OBJC_ROOT_CLASS = YES_ERROR;
				CLANG_WARN_QUOTED_INCLUDE_IN_FRAMEWORK_HEADER = YES;
				CLANG_WARN_RANGE_LOOP_ANALYSIS = YES;
				CLANG_WARN_STRICT_PROTOTYPES = YES;
				CLANG_WARN_SUSPICIOUS_MOVE = YES;
				CLANG_WARN_UNGUARDED_AVAILABILITY = YES_AGGRESSIVE;
				CLANG_WARN_UNREACHABLE_CODE = YES;
				CLANG_WARN__DUPLICATE_METHOD_MATCH = YES;
				COPY_PHASE_STRIP = NO;
				DEBUG_INFORMATION_FORMAT = "dwarf-with-dsym";
				ENABLE_NS_ASSERTIONS = NO;
				ENABLE_STRICT_OBJC_MSGSEND = YES;
				GCC_C_LANGUAGE_STANDARD = gnu11;
				GCC_NO_COMMON_BLOCKS = YES;
				GCC_WARN_64_TO_32_BIT_CONVERSION = YES;
				GCC_WARN_ABOUT_RETURN_TYPE = YES_ERROR;
				GCC_WARN_UNDECLARED_SELECTOR = YES;
				GCC_WARN_UNINITIALIZED_AUTOS = YES_AGGRESSIVE;
				GCC_WARN_UNUSED_FUNCTION = YES;
				GCC_WARN_UNUSED_VARIABLE = YES;
				IPHONEOS_DEPLOYMENT_TARGET = 15.0;
				MTL_ENABLE_DEBUG_INFO = NO;
				MTL_FAST_MATH = YES;
				SDKROOT = iphoneos;
				SWIFT_COMPILATION_MODE = wholemodule;
				SWIFT_OPTIMIZATION_LEVEL = "-O";
				VALIDATE_PRODUCT = YES;
			};
			name = Release;
		};
		E5EC64B529EECB150047193D /* Debug */ = {
			isa = XCBuildConfiguration;
			buildSettings = {
				ASSETCATALOG_COMPILER_APPICON_NAME = AppIcon;
				ASSETCATALOG_COMPILER_GLOBAL_ACCENT_COLOR_NAME = AccentColor;
				CODE_SIGN_STYLE = Automatic;
				CURRENT_PROJECT_VERSION = 1;
				DEVELOPMENT_TEAM = 2GX455G3PS;
				GENERATE_INFOPLIST_FILE = YES;
				INFOPLIST_FILE = Planets/Info.plist;
				INFOPLIST_KEY_UIApplicationSupportsIndirectInputEvents = YES;
				INFOPLIST_KEY_UILaunchStoryboardName = LaunchScreen;
				INFOPLIST_KEY_UIMainStoryboardFile = Main;
				INFOPLIST_KEY_UISupportedInterfaceOrientations_iPad = "UIInterfaceOrientationPortrait UIInterfaceOrientationPortraitUpsideDown UIInterfaceOrientationLandscapeLeft UIInterfaceOrientationLandscapeRight";
				INFOPLIST_KEY_UISupportedInterfaceOrientations_iPhone = "UIInterfaceOrientationPortrait UIInterfaceOrientationLandscapeLeft UIInterfaceOrientationLandscapeRight";
				IPHONEOS_DEPLOYMENT_TARGET = 15.0;
				LD_RUNPATH_SEARCH_PATHS = (
					"$(inherited)",
					"@executable_path/Frameworks",
				);
				MARKETING_VERSION = 1.0;
				PRODUCT_BUNDLE_IDENTIFIER = "Aleksander-Jasinski.Planets";
				PRODUCT_NAME = "$(TARGET_NAME)";
				SWIFT_EMIT_LOC_STRINGS = YES;
				SWIFT_VERSION = 5.0;
				TARGETED_DEVICE_FAMILY = "1,2";
			};
			name = Debug;
		};
		E5EC64B629EECB150047193D /* Release */ = {
			isa = XCBuildConfiguration;
			buildSettings = {
				ASSETCATALOG_COMPILER_APPICON_NAME = AppIcon;
				ASSETCATALOG_COMPILER_GLOBAL_ACCENT_COLOR_NAME = AccentColor;
				CODE_SIGN_STYLE = Automatic;
				CURRENT_PROJECT_VERSION = 1;
				DEVELOPMENT_TEAM = 2GX455G3PS;
				GENERATE_INFOPLIST_FILE = YES;
				INFOPLIST_FILE = Planets/Info.plist;
				INFOPLIST_KEY_UIApplicationSupportsIndirectInputEvents = YES;
				INFOPLIST_KEY_UILaunchStoryboardName = LaunchScreen;
				INFOPLIST_KEY_UIMainStoryboardFile = Main;
				INFOPLIST_KEY_UISupportedInterfaceOrientations_iPad = "UIInterfaceOrientationPortrait UIInterfaceOrientationPortraitUpsideDown UIInterfaceOrientationLandscapeLeft UIInterfaceOrientationLandscapeRight";
				INFOPLIST_KEY_UISupportedInterfaceOrientations_iPhone = "UIInterfaceOrientationPortrait UIInterfaceOrientationLandscapeLeft UIInterfaceOrientationLandscapeRight";
				IPHONEOS_DEPLOYMENT_TARGET = 15.0;
				LD_RUNPATH_SEARCH_PATHS = (
					"$(inherited)",
					"@executable_path/Frameworks",
				);
				MARKETING_VERSION = 1.0;
				PRODUCT_BUNDLE_IDENTIFIER = "Aleksander-Jasinski.Planets";
				PRODUCT_NAME = "$(TARGET_NAME)";
				SWIFT_EMIT_LOC_STRINGS = YES;
				SWIFT_VERSION = 5.0;
				TARGETED_DEVICE_FAMILY = "1,2";
			};
			name = Release;
		};
		E5EC64B829EECB150047193D /* Debug */ = {
			isa = XCBuildConfiguration;
			buildSettings = {
				ALWAYS_EMBED_SWIFT_STANDARD_LIBRARIES = YES;
				BUNDLE_LOADER = "$(TEST_HOST)";
				CODE_SIGN_STYLE = Automatic;
				CURRENT_PROJECT_VERSION = 1;
				DEVELOPMENT_TEAM = 2GX455G3PS;
				GCC_INSTRUMENT_PROGRAM_FLOW_ARCS = YES;
				GENERATE_INFOPLIST_FILE = YES;
				IPHONEOS_DEPLOYMENT_TARGET = 15.0;
				MARKETING_VERSION = 1.0;
				PRODUCT_BUNDLE_IDENTIFIER = "Aleksander-Jasinski.PlanetsTests";
				PRODUCT_NAME = "$(TARGET_NAME)";
				SWIFT_EMIT_LOC_STRINGS = NO;
				SWIFT_VERSION = 5.0;
				TARGETED_DEVICE_FAMILY = "1,2";
				TEST_HOST = "$(BUILT_PRODUCTS_DIR)/Planets.app/$(BUNDLE_EXECUTABLE_FOLDER_PATH)/Planets";
			};
			name = Debug;
		};
		E5EC64B929EECB150047193D /* Release */ = {
			isa = XCBuildConfiguration;
			buildSettings = {
				ALWAYS_EMBED_SWIFT_STANDARD_LIBRARIES = YES;
				BUNDLE_LOADER = "$(TEST_HOST)";
				CODE_SIGN_STYLE = Automatic;
				CURRENT_PROJECT_VERSION = 1;
				DEVELOPMENT_TEAM = 2GX455G3PS;
				GCC_INSTRUMENT_PROGRAM_FLOW_ARCS = YES;
				GENERATE_INFOPLIST_FILE = YES;
				IPHONEOS_DEPLOYMENT_TARGET = 15.0;
				MARKETING_VERSION = 1.0;
				PRODUCT_BUNDLE_IDENTIFIER = "Aleksander-Jasinski.PlanetsTests";
				PRODUCT_NAME = "$(TARGET_NAME)";
				SWIFT_EMIT_LOC_STRINGS = NO;
				SWIFT_VERSION = 5.0;
				TARGETED_DEVICE_FAMILY = "1,2";
				TEST_HOST = "$(BUILT_PRODUCTS_DIR)/Planets.app/$(BUNDLE_EXECUTABLE_FOLDER_PATH)/Planets";
			};
			name = Release;
		};
		E5EC64BB29EECB150047193D /* Debug */ = {
			isa = XCBuildConfiguration;
			buildSettings = {
				ALWAYS_EMBED_SWIFT_STANDARD_LIBRARIES = YES;
				CODE_SIGN_STYLE = Automatic;
				CURRENT_PROJECT_VERSION = 1;
				DEVELOPMENT_TEAM = 2GX455G3PS;
				GENERATE_INFOPLIST_FILE = YES;
				MARKETING_VERSION = 1.0;
				PRODUCT_BUNDLE_IDENTIFIER = "Aleksander-Jasinski.PlanetsUITests";
				PRODUCT_NAME = "$(TARGET_NAME)";
				SWIFT_EMIT_LOC_STRINGS = NO;
				SWIFT_VERSION = 5.0;
				TARGETED_DEVICE_FAMILY = "1,2";
				TEST_TARGET_NAME = Planets;
			};
			name = Debug;
		};
		E5EC64BC29EECB150047193D /* Release */ = {
			isa = XCBuildConfiguration;
			buildSettings = {
				ALWAYS_EMBED_SWIFT_STANDARD_LIBRARIES = YES;
				CODE_SIGN_STYLE = Automatic;
				CURRENT_PROJECT_VERSION = 1;
				DEVELOPMENT_TEAM = 2GX455G3PS;
				GENERATE_INFOPLIST_FILE = YES;
				MARKETING_VERSION = 1.0;
				PRODUCT_BUNDLE_IDENTIFIER = "Aleksander-Jasinski.PlanetsUITests";
				PRODUCT_NAME = "$(TARGET_NAME)";
				SWIFT_EMIT_LOC_STRINGS = NO;
				SWIFT_VERSION = 5.0;
				TARGETED_DEVICE_FAMILY = "1,2";
				TEST_TARGET_NAME = Planets;
			};
			name = Release;
		};
/* End XCBuildConfiguration section */

/* Begin XCConfigurationList section */
		E5EC648529EECB110047193D /* Build configuration list for PBXProject "Planets" */ = {
			isa = XCConfigurationList;
			buildConfigurations = (
				E5EC64B229EECB150047193D /* Debug */,
				E5EC64B329EECB150047193D /* Release */,
			);
			defaultConfigurationIsVisible = 0;
			defaultConfigurationName = Release;
		};
		E5EC64B429EECB150047193D /* Build configuration list for PBXNativeTarget "Planets" */ = {
			isa = XCConfigurationList;
			buildConfigurations = (
				E5EC64B529EECB150047193D /* Debug */,
				E5EC64B629EECB150047193D /* Release */,
			);
			defaultConfigurationIsVisible = 0;
			defaultConfigurationName = Release;
		};
		E5EC64B729EECB150047193D /* Build configuration list for PBXNativeTarget "PlanetsTests" */ = {
			isa = XCConfigurationList;
			buildConfigurations = (
				E5EC64B829EECB150047193D /* Debug */,
				E5EC64B929EECB150047193D /* Release */,
			);
			defaultConfigurationIsVisible = 0;
			defaultConfigurationName = Release;
		};
		E5EC64BA29EECB150047193D /* Build configuration list for PBXNativeTarget "PlanetsUITests" */ = {
			isa = XCConfigurationList;
			buildConfigurations = (
				E5EC64BB29EECB150047193D /* Debug */,
				E5EC64BC29EECB150047193D /* Release */,
			);
			defaultConfigurationIsVisible = 0;
			defaultConfigurationName = Release;
		};
/* End XCConfigurationList section */

/* Begin XCVersionGroup section */
		049F0D2D29EFEBCA00D680D5 /* Planets.xcdatamodeld */ = {
			isa = XCVersionGroup;
			children = (
				049F0D2E29EFEBCA00D680D5 /* Planets.xcdatamodel */,
			);
			currentVersion = 049F0D2E29EFEBCA00D680D5 /* Planets.xcdatamodel */;
			path = Planets.xcdatamodeld;
			sourceTree = "<group>";
			versionGroupType = wrapper.xcdatamodel;
		};
/* End XCVersionGroup section */
	};
	rootObject = E5EC648229EECB110047193D /* Project object */;
}
